
Microsoft Visual Studio Solution File, Format Version 12.00
# Visual Studio 15
VisualStudioVersion = 15.0.27428.2005
MinimumVisualStudioVersion = 10.0.40219.1
Project("{FAE04EC0-301F-11D3-BF4B-00C04F79EFBC}") = "SMPC", "SMPC\SMPC.csproj", "{106BDCB8-C26B-467E-B06B-2A6DD35C226E}"
EndProject
Global
	GlobalSection(SolutionConfigurationPlatforms) = preSolution
		Debug|Any CPU = Debug|Any CPU
		Release|Any CPU = Release|Any CPU
	EndGlobalSection
	GlobalSection(ProjectConfigurationPlatforms) = postSolution
		{106BDCB8-C26B-467E-B06B-2A6DD35C226E}.Debug|Any CPU.ActiveCfg = Debug|Any CPU
		{106BDCB8-C26B-467E-B06B-2A6DD35C226E}.Debug|Any CPU.Build.0 = Debug|Any CPU
		{106BDCB8-C26B-467E-B06B-2A6DD35C226E}.Release|Any CPU.ActiveCfg = Release|Any CPU
		{106BDCB8-C26B-467E-B06B-2A6DD35C226E}.Release|Any CPU.Build.0 = Release|Any CPU
	EndGlobalSection
	GlobalSection(SolutionProperties) = preSolution
		HideSolutionNode = FALSE
	EndGlobalSection
	GlobalSection(ExtensibilityGlobals) = postSolution
		SolutionGuid = {4D6C4C7A-1EB3-4E9E-A611-BB14CA629587}
	EndGlobalSection
EndGlobal
